
Microsoft Visual Studio Solution File, Format Version 12.00
# Visual Studio 15
VisualStudioVersion = 15.0.28010.2019
MinimumVisualStudioVersion = 10.0.40219.1
Project("{FAE04EC0-301F-11D3-BF4B-00C04F79EFBC}") = "FilePractice.Android", "FilePractice\FilePractice.Android\FilePractice.Android.csproj", "{74859B1D-7A5D-413B-83C7-83EBE786FE0C}"
EndProject
Project("{FAE04EC0-301F-11D3-BF4B-00C04F79EFBC}") = "FilePractice.iOS", "FilePractice\FilePractice.iOS\FilePractice.iOS.csproj", "{133EFF4C-2487-4741-A0C5-A33430DDE150}"
EndProject
Project("{FAE04EC0-301F-11D3-BF4B-00C04F79EFBC}") = "FilePractice", "FilePractice\FilePractice\FilePractice.csproj", "{94DAC1CD-2993-47D0-ABEB-C36AD4280CCD}"
EndProject
Global
	GlobalSection(SolutionConfigurationPlatforms) = preSolution
		Ad-Hoc|Any CPU = Ad-Hoc|Any CPU
		Ad-Hoc|iPhone = Ad-Hoc|iPhone
		Ad-Hoc|iPhoneSimulator = Ad-Hoc|iPhoneSimulator
		AppStore|Any CPU = AppStore|Any CPU
		AppStore|iPhone = AppStore|iPhone
		AppStore|iPhoneSimulator = AppStore|iPhoneSimulator
		Debug|Any CPU = Debug|Any CPU
		Debug|iPhone = Debug|iPhone
		Debug|iPhoneSimulator = Debug|iPhoneSimulator
		Release|Any CPU = Release|Any CPU
		Release|iPhone = Release|iPhone
		Release|iPhoneSimulator = Release|iPhoneSimulator
	EndGlobalSection
	GlobalSection(ProjectConfigurationPlatforms) = postSolution
		{74859B1D-7A5D-413B-83C7-83EBE786FE0C}.Ad-Hoc|Any CPU.ActiveCfg = Release|Any CPU
		{74859B1D-7A5D-413B-83C7-83EBE786FE0C}.Ad-Hoc|Any CPU.Build.0 = Release|Any CPU
		{74859B1D-7A5D-413B-83C7-83EBE786FE0C}.Ad-Hoc|Any CPU.Deploy.0 = Release|Any CPU
		{74859B1D-7A5D-413B-83C7-83EBE786FE0C}.Ad-Hoc|iPhone.ActiveCfg = Release|Any CPU
		{74859B1D-7A5D-413B-83C7-83EBE786FE0C}.Ad-Hoc|iPhone.Build.0 = Release|Any CPU
		{74859B1D-7A5D-413B-83C7-83EBE786FE0C}.Ad-Hoc|iPhone.Deploy.0 = Release|Any CPU
		{74859B1D-7A5D-413B-83C7-83EBE786FE0C}.Ad-Hoc|iPhoneSimulator.ActiveCfg = Release|Any CPU
		{74859B1D-7A5D-413B-83C7-83EBE786FE0C}.Ad-Hoc|iPhoneSimulator.Build.0 = Release|Any CPU
		{74859B1D-7A5D-413B-83C7-83EBE786FE0C}.Ad-Hoc|iPhoneSimulator.Deploy.0 = Release|Any CPU
		{74859B1D-7A5D-413B-83C7-83EBE786FE0C}.AppStore|Any CPU.ActiveCfg = Release|Any CPU
		{74859B1D-7A5D-413B-83C7-83EBE786FE0C}.AppStore|Any CPU.Build.0 = Release|Any CPU
		{74859B1D-7A5D-413B-83C7-83EBE786FE0C}.AppStore|Any CPU.Deploy.0 = Release|Any CPU
		{74859B1D-7A5D-413B-83C7-83EBE786FE0C}.AppStore|iPhone.ActiveCfg = Release|Any CPU
		{74859B1D-7A5D-413B-83C7-83EBE786FE0C}.AppStore|iPhone.Build.0 = Release|Any CPU
		{74859B1D-7A5D-413B-83C7-83EBE786FE0C}.AppStore|iPhone.Deploy.0 = Release|Any CPU
		{74859B1D-7A5D-413B-83C7-83EBE786FE0C}.AppStore|iPhoneSimulator.ActiveCfg = Release|Any CPU
		{74859B1D-7A5D-413B-83C7-83EBE786FE0C}.AppStore|iPhoneSimulator.Build.0 = Release|Any CPU
		{74859B1D-7A5D-413B-83C7-83EBE786FE0C}.AppStore|iPhoneSimulator.Deploy.0 = Release|Any CPU
		{74859B1D-7A5D-413B-83C7-83EBE786FE0C}.Debug|Any CPU.ActiveCfg = Debug|Any CPU
		{74859B1D-7A5D-413B-83C7-83EBE786FE0C}.Debug|Any CPU.Build.0 = Debug|Any CPU
		{74859B1D-7A5D-413B-83C7-83EBE786FE0C}.Debug|Any CPU.Deploy.0 = Debug|Any CPU
		{74859B1D-7A5D-413B-83C7-83EBE786FE0C}.Debug|iPhone.ActiveCfg = Debug|Any CPU
		{74859B1D-7A5D-413B-83C7-83EBE786FE0C}.Debug|iPhone.Build.0 = Debug|Any CPU
		{74859B1D-7A5D-413B-83C7-83EBE786FE0C}.Debug|iPhone.Deploy.0 = Debug|Any CPU
		{74859B1D-7A5D-413B-83C7-83EBE786FE0C}.Debug|iPhoneSimulator.ActiveCfg = Debug|Any CPU
		{74859B1D-7A5D-413B-83C7-83EBE786FE0C}.Debug|iPhoneSimulator.Build.0 = Debug|Any CPU
		{74859B1D-7A5D-413B-83C7-83EBE786FE0C}.Debug|iPhoneSimulator.Deploy.0 = Debug|Any CPU
		{74859B1D-7A5D-413B-83C7-83EBE786FE0C}.Release|Any CPU.ActiveCfg = Release|Any CPU
		{74859B1D-7A5D-413B-83C7-83EBE786FE0C}.Release|Any CPU.Build.0 = Release|Any CPU
		{74859B1D-7A5D-413B-83C7-83EBE786FE0C}.Release|Any CPU.Deploy.0 = Release|Any CPU
		{74859B1D-7A5D-413B-83C7-83EBE786FE0C}.Release|iPhone.ActiveCfg = Release|Any CPU
		{74859B1D-7A5D-413B-83C7-83EBE786FE0C}.Release|iPhone.Build.0 = Release|Any CPU
		{74859B1D-7A5D-413B-83C7-83EBE786FE0C}.Release|iPhone.Deploy.0 = Release|Any CPU
		{74859B1D-7A5D-413B-83C7-83EBE786FE0C}.Release|iPhoneSimulator.ActiveCfg = Release|Any CPU
		{74859B1D-7A5D-413B-83C7-83EBE786FE0C}.Release|iPhoneSimulator.Build.0 = Release|Any CPU
		{74859B1D-7A5D-413B-83C7-83EBE786FE0C}.Release|iPhoneSimulator.Deploy.0 = Release|Any CPU
		{133EFF4C-2487-4741-A0C5-A33430DDE150}.Ad-Hoc|Any CPU.ActiveCfg = Ad-Hoc|iPhone
		{133EFF4C-2487-4741-A0C5-A33430DDE150}.Ad-Hoc|Any CPU.Build.0 = Ad-Hoc|iPhone
		{133EFF4C-2487-4741-A0C5-A33430DDE150}.Ad-Hoc|Any CPU.Deploy.0 = Ad-Hoc|iPhone
		{133EFF4C-2487-4741-A0C5-A33430DDE150}.Ad-Hoc|iPhone.ActiveCfg = Ad-Hoc|iPhone
		{133EFF4C-2487-4741-A0C5-A33430DDE150}.Ad-Hoc|iPhone.Build.0 = Ad-Hoc|iPhone
		{133EFF4C-2487-4741-A0C5-A33430DDE150}.Ad-Hoc|iPhone.Deploy.0 = Ad-Hoc|iPhone
		{133EFF4C-2487-4741-A0C5-A33430DDE150}.Ad-Hoc|iPhoneSimulator.ActiveCfg = Ad-Hoc|iPhoneSimulator
		{133EFF4C-2487-4741-A0C5-A33430DDE150}.Ad-Hoc|iPhoneSimulator.Build.0 = Ad-Hoc|iPhoneSimulator
		{133EFF4C-2487-4741-A0C5-A33430DDE150}.Ad-Hoc|iPhoneSimulator.Deploy.0 = Ad-Hoc|iPhoneSimulator
		{133EFF4C-2487-4741-A0C5-A33430DDE150}.AppStore|Any CPU.ActiveCfg = AppStore|iPhone
		{133EFF4C-2487-4741-A0C5-A33430DDE150}.AppStore|Any CPU.Build.0 = AppStore|iPhone
		{133EFF4C-2487-4741-A0C5-A33430DDE150}.AppStore|Any CPU.Deploy.0 = AppStore|iPhone
		{133EFF4C-2487-4741-A0C5-A33430DDE150}.AppStore|iPhone.ActiveCfg = AppStore|iPhone
		{133EFF4C-2487-4741-A0C5-A33430DDE150}.AppStore|iPhone.Build.0 = AppStore|iPhone
		{133EFF4C-2487-4741-A0C5-A33430DDE150}.AppStore|iPhone.Deploy.0 = AppStore|iPhone
		{133EFF4C-2487-4741-A0C5-A33430DDE150}.AppStore|iPhoneSimulator.ActiveCfg = AppStore|iPhoneSimulator
		{133EFF4C-2487-4741-A0C5-A33430DDE150}.AppStore|iPhoneSimulator.Build.0 = AppStore|iPhoneSimulator
		{133EFF4C-2487-4741-A0C5-A33430DDE150}.AppStore|iPhoneSimulator.Deploy.0 = AppStore|iPhoneSimulator
		{133EFF4C-2487-4741-A0C5-A33430DDE150}.Debug|Any CPU.ActiveCfg = Debug|iPhoneSimulator
		{133EFF4C-2487-4741-A0C5-A33430DDE150}.Debug|Any CPU.Build.0 = Debug|iPhoneSimulator
		{133EFF4C-2487-4741-A0C5-A33430DDE150}.Debug|Any CPU.Deploy.0 = Debug|iPhoneSimulator
		{133EFF4C-2487-4741-A0C5-A33430DDE150}.Debug|iPhone.ActiveCfg = Debug|iPhone
		{133EFF4C-2487-4741-A0C5-A33430DDE150}.Debug|iPhone.Build.0 = Debug|iPhone
		{133EFF4C-2487-4741-A0C5-A33430DDE150}.Debug|iPhone.Deploy.0 = Debug|iPhone
		{133EFF4C-2487-4741-A0C5-A33430DDE150}.Debug|iPhoneSimulator.ActiveCfg = Debug|iPhoneSimulator
		{133EFF4C-2487-4741-A0C5-A33430DDE150}.Debug|iPhoneSimulator.Build.0 = Debug|iPhoneSimulator
		{133EFF4C-2487-4741-A0C5-A33430DDE150}.Debug|iPhoneSimulator.Deploy.0 = Debug|iPhoneSimulator
		{133EFF4C-2487-4741-A0C5-A33430DDE150}.Release|Any CPU.ActiveCfg = Release|iPhone
		{133EFF4C-2487-4741-A0C5-A33430DDE150}.Release|Any CPU.Build.0 = Release|iPhone
		{133EFF4C-2487-4741-A0C5-A33430DDE150}.Release|Any CPU.Deploy.0 = Release|iPhone
		{133EFF4C-2487-4741-A0C5-A33430DDE150}.Release|iPhone.ActiveCfg = Release|iPhone
		{133EFF4C-2487-4741-A0C5-A33430DDE150}.Release|iPhone.Build.0 = Release|iPhone
		{133EFF4C-2487-4741-A0C5-A33430DDE150}.Release|iPhone.Deploy.0 = Release|iPhone
		{133EFF4C-2487-4741-A0C5-A33430DDE150}.Release|iPhoneSimulator.ActiveCfg = Release|iPhoneSimulator
		{133EFF4C-2487-4741-A0C5-A33430DDE150}.Release|iPhoneSimulator.Build.0 = Release|iPhoneSimulator
		{133EFF4C-2487-4741-A0C5-A33430DDE150}.Release|iPhoneSimulator.Deploy.0 = Release|iPhoneSimulator
		{94DAC1CD-2993-47D0-ABEB-C36AD4280CCD}.Ad-Hoc|Any CPU.ActiveCfg = Debug|Any CPU
		{94DAC1CD-2993-47D0-ABEB-C36AD4280CCD}.Ad-Hoc|Any CPU.Build.0 = Debug|Any CPU
		{94DAC1CD-2993-47D0-ABEB-C36AD4280CCD}.Ad-Hoc|Any CPU.Deploy.0 = Debug|Any CPU
		{94DAC1CD-2993-47D0-ABEB-C36AD4280CCD}.Ad-Hoc|iPhone.ActiveCfg = Debug|Any CPU
		{94DAC1CD-2993-47D0-ABEB-C36AD4280CCD}.Ad-Hoc|iPhone.Build.0 = Debug|Any CPU
		{94DAC1CD-2993-47D0-ABEB-C36AD4280CCD}.Ad-Hoc|iPhone.Deploy.0 = Debug|Any CPU
		{94DAC1CD-2993-47D0-ABEB-C36AD4280CCD}.Ad-Hoc|iPhoneSimulator.ActiveCfg = Debug|Any CPU
		{94DAC1CD-2993-47D0-ABEB-C36AD4280CCD}.Ad-Hoc|iPhoneSimulator.Build.0 = Debug|Any CPU
		{94DAC1CD-2993-47D0-ABEB-C36AD4280CCD}.Ad-Hoc|iPhoneSimulator.Deploy.0 = Debug|Any CPU
		{94DAC1CD-2993-47D0-ABEB-C36AD4280CCD}.AppStore|Any CPU.ActiveCfg = Debug|Any CPU
		{94DAC1CD-2993-47D0-ABEB-C36AD4280CCD}.AppStore|Any CPU.Build.0 = Debug|Any CPU
		{94DAC1CD-2993-47D0-ABEB-C36AD4280CCD}.AppStore|Any CPU.Deploy.0 = Debug|Any CPU
		{94DAC1CD-2993-47D0-ABEB-C36AD4280CCD}.AppStore|iPhone.ActiveCfg = Debug|Any CPU
		{94DAC1CD-2993-47D0-ABEB-C36AD4280CCD}.AppStore|iPhone.Build.0 = Debug|Any CPU
		{94DAC1CD-2993-47D0-ABEB-C36AD4280CCD}.AppStore|iPhone.Deploy.0 = Debug|Any CPU
		{94DAC1CD-2993-47D0-ABEB-C36AD4280CCD}.AppStore|iPhoneSimulator.ActiveCfg = Debug|Any CPU
		{94DAC1CD-2993-47D0-ABEB-C36AD4280CCD}.AppStore|iPhoneSimulator.Build.0 = Debug|Any CPU
		{94DAC1CD-2993-47D0-ABEB-C36AD4280CCD}.AppStore|iPhoneSimulator.Deploy.0 = Debug|Any CPU
		{94DAC1CD-2993-47D0-ABEB-C36AD4280CCD}.Debug|Any CPU.ActiveCfg = Debug|Any CPU
		{94DAC1CD-2993-47D0-ABEB-C36AD4280CCD}.Debug|Any CPU.Build.0 = Debug|Any CPU
		{94DAC1CD-2993-47D0-ABEB-C36AD4280CCD}.Debug|Any CPU.Deploy.0 = Debug|Any CPU
		{94DAC1CD-2993-47D0-ABEB-C36AD4280CCD}.Debug|iPhone.ActiveCfg = Debug|Any CPU
		{94DAC1CD-2993-47D0-ABEB-C36AD4280CCD}.Debug|iPhone.Build.0 = Debug|Any CPU
		{94DAC1CD-2993-47D0-ABEB-C36AD4280CCD}.Debug|iPhone.Deploy.0 = Debug|Any CPU
		{94DAC1CD-2993-47D0-ABEB-C36AD4280CCD}.Debug|iPhoneSimulator.ActiveCfg = Debug|Any CPU
		{94DAC1CD-2993-47D0-ABEB-C36AD4280CCD}.Debug|iPhoneSimulator.Build.0 = Debug|Any CPU
		{94DAC1CD-2993-47D0-ABEB-C36AD4280CCD}.Debug|iPhoneSimulator.Deploy.0 = Debug|Any CPU
		{94DAC1CD-2993-47D0-ABEB-C36AD4280CCD}.Release|Any CPU.ActiveCfg = Release|Any CPU
		{94DAC1CD-2993-47D0-ABEB-C36AD4280CCD}.Release|Any CPU.Build.0 = Release|Any CPU
		{94DAC1CD-2993-47D0-ABEB-C36AD4280CCD}.Release|Any CPU.Deploy.0 = Release|Any CPU
		{94DAC1CD-2993-47D0-ABEB-C36AD4280CCD}.Release|iPhone.ActiveCfg = Release|Any CPU
		{94DAC1CD-2993-47D0-ABEB-C36AD4280CCD}.Release|iPhone.Build.0 = Release|Any CPU
		{94DAC1CD-2993-47D0-ABEB-C36AD4280CCD}.Release|iPhone.Deploy.0 = Release|Any CPU
		{94DAC1CD-2993-47D0-ABEB-C36AD4280CCD}.Release|iPhoneSimulator.ActiveCfg = Release|Any CPU
		{94DAC1CD-2993-47D0-ABEB-C36AD4280CCD}.Release|iPhoneSimulator.Build.0 = Release|Any CPU
		{94DAC1CD-2993-47D0-ABEB-C36AD4280CCD}.Release|iPhoneSimulator.Deploy.0 = Release|Any CPU
	EndGlobalSection
	GlobalSection(SolutionProperties) = preSolution
		HideSolutionNode = FALSE
	EndGlobalSection
	GlobalSection(ExtensibilityGlobals) = postSolution
		SolutionGuid = {C24CD93D-A3BA-43A8-9228-D0F53BE07978}
	EndGlobalSection
EndGlobal
